
Microsoft Visual Studio Solution File, Format Version 12.00
# Visual Studio Version 17
VisualStudioVersion = 17.10.35013.160
MinimumVisualStudioVersion = 10.0.40219.1
Project("{FAE04EC0-301F-11D3-BF4B-00C04F79EFBC}") = "AC#_Ass2", "AC#_Ass2\AC#_Ass2.csproj", "{88D5FB9F-871F-496B-AC71-311A621C3B08}"
EndProject
Global
	GlobalSection(SolutionConfigurationPlatforms) = preSolution
		Debug|Any CPU = Debug|Any CPU
		Release|Any CPU = Release|Any CPU
	EndGlobalSection
	GlobalSection(ProjectConfigurationPlatforms) = postSolution
		{88D5FB9F-871F-496B-AC71-311A621C3B08}.Debug|Any CPU.ActiveCfg = Debug|Any CPU
		{88D5FB9F-871F-496B-AC71-311A621C3B08}.Debug|Any CPU.Build.0 = Debug|Any CPU
		{88D5FB9F-871F-496B-AC71-311A621C3B08}.Release|Any CPU.ActiveCfg = Release|Any CPU
		{88D5FB9F-871F-496B-AC71-311A621C3B08}.Release|Any CPU.Build.0 = Release|Any CPU
	EndGlobalSection
	GlobalSection(SolutionProperties) = preSolution
		HideSolutionNode = FALSE
	EndGlobalSection
	GlobalSection(ExtensibilityGlobals) = postSolution
		SolutionGuid = {44399FA8-CB3B-4374-947F-99224D6E81A3}
	EndGlobalSection
EndGlobal
